
Microsoft Visual Studio Solution File, Format Version 12.00
# Visual Studio Version 16
VisualStudioVersion = 16.0.29025.244
MinimumVisualStudioVersion = 10.0.40219.1
Project("{FAE04EC0-301F-11D3-BF4B-00C04F79EFBC}") = "Proyecto", "Proyecto\Proyecto.csproj", "{E9F418F5-A463-41C8-B048-C7EEA34A12E9}"
EndProject
Global
	GlobalSection(SolutionConfigurationPlatforms) = preSolution
		Debug|Any CPU = Debug|Any CPU
		Release|Any CPU = Release|Any CPU
	EndGlobalSection
	GlobalSection(ProjectConfigurationPlatforms) = postSolution
		{E9F418F5-A463-41C8-B048-C7EEA34A12E9}.Debug|Any CPU.ActiveCfg = Debug|Any CPU
		{E9F418F5-A463-41C8-B048-C7EEA34A12E9}.Debug|Any CPU.Build.0 = Debug|Any CPU
		{E9F418F5-A463-41C8-B048-C7EEA34A12E9}.Release|Any CPU.ActiveCfg = Release|Any CPU
		{E9F418F5-A463-41C8-B048-C7EEA34A12E9}.Release|Any CPU.Build.0 = Release|Any CPU
	EndGlobalSection
	GlobalSection(SolutionProperties) = preSolution
		HideSolutionNode = FALSE
	EndGlobalSection
	GlobalSection(ExtensibilityGlobals) = postSolution
		SolutionGuid = {A1C9684A-CB80-499E-BCAC-7450281A9937}
	EndGlobalSection
EndGlobal
